
Microsoft Visual Studio Solution File, Format Version 12.00
# Visual Studio Version 17
VisualStudioVersion = 17.8.34408.163
MinimumVisualStudioVersion = 10.0.40219.1
Project("{FAE04EC0-301F-11D3-BF4B-00C04F79EFBC}") = "ALMission2", "ALMission2.csproj", "{493BE7D8-2FD9-4ACF-915A-686357B6D956}"
EndProject
Global
	GlobalSection(SolutionConfigurationPlatforms) = preSolution
		Debug|Any CPU = Debug|Any CPU
		Release|Any CPU = Release|Any CPU
	EndGlobalSection
	GlobalSection(ProjectConfigurationPlatforms) = postSolution
		{493BE7D8-2FD9-4ACF-915A-686357B6D956}.Debug|Any CPU.ActiveCfg = Debug|Any CPU
		{493BE7D8-2FD9-4ACF-915A-686357B6D956}.Debug|Any CPU.Build.0 = Debug|Any CPU
		{493BE7D8-2FD9-4ACF-915A-686357B6D956}.Release|Any CPU.ActiveCfg = Release|Any CPU
		{493BE7D8-2FD9-4ACF-915A-686357B6D956}.Release|Any CPU.Build.0 = Release|Any CPU
	EndGlobalSection
	GlobalSection(SolutionProperties) = preSolution
		HideSolutionNode = FALSE
	EndGlobalSection
	GlobalSection(ExtensibilityGlobals) = postSolution
		SolutionGuid = {752B04C5-783B-406E-AF43-089B329D3C1A}
	EndGlobalSection
EndGlobal
